
Microsoft Visual Studio Solution File, Format Version 12.00
# Visual Studio Version 17
VisualStudioVersion = 17.14.36915.13
MinimumVisualStudioVersion = 10.0.40219.1
Project("{8BC9CEB8-8B4A-11D0-8D11-00A0C91BC942}") = "Client", "NetworkProgramming\NetworkProgramming.vcxproj", "{4C038FB7-2C66-4CBE-B340-F7E88CE29588}"
EndProject
Project("{8BC9CEB8-8B4A-11D0-8D11-00A0C91BC942}") = "Server", "Server\Server.vcxproj", "{69F9487A-9FB8-4502-8A3F-60081CC04CDD}"
EndProject
Project("{8BC9CEB8-8B4A-11D0-8D11-00A0C91BC942}") = "ErrorDescriptionStLib", "ErrorDescriptionStLib\ErrorDescriptionStLib.vcxproj", "{15795DA9-261A-498F-95CA-75C526DD94BF}"
EndProject
Project("{8BC9CEB8-8B4A-11D0-8D11-00A0C91BC942}") = "Threads", "Threads\Threads.vcxproj", "{E882C54B-EF7B-4D5F-AFA9-BDEABA9B9CF8}"
EndProject
Project("{8BC9CEB8-8B4A-11D0-8D11-00A0C91BC942}") = "Car", "Car\Car.vcxproj", "{DE76F936-5AD9-414F-B9CF-C6C726636215}"
EndProject
Global
	GlobalSection(SolutionConfigurationPlatforms) = preSolution
		Debug|x64 = Debug|x64
		Debug|x86 = Debug|x86
		Release|x64 = Release|x64
		Release|x86 = Release|x86
	EndGlobalSection
	GlobalSection(ProjectConfigurationPlatforms) = postSolution
		{4C038FB7-2C66-4CBE-B340-F7E88CE29588}.Debug|x64.ActiveCfg = Debug|x64
		{4C038FB7-2C66-4CBE-B340-F7E88CE29588}.Debug|x64.Build.0 = Debug|x64
		{4C038FB7-2C66-4CBE-B340-F7E88CE29588}.Debug|x86.ActiveCfg = Debug|Win32
		{4C038FB7-2C66-4CBE-B340-F7E88CE29588}.Debug|x86.Build.0 = Debug|Win32
		{4C038FB7-2C66-4CBE-B340-F7E88CE29588}.Release|x64.ActiveCfg = Release|x64
		{4C038FB7-2C66-4CBE-B340-F7E88CE29588}.Release|x64.Build.0 = Release|x64
		{4C038FB7-2C66-4CBE-B340-F7E88CE29588}.Release|x86.ActiveCfg = Release|Win32
		{4C038FB7-2C66-4CBE-B340-F7E88CE29588}.Release|x86.Build.0 = Release|Win32
		{69F9487A-9FB8-4502-8A3F-60081CC04CDD}.Debug|x64.ActiveCfg = Debug|x64
		{69F9487A-9FB8-4502-8A3F-60081CC04CDD}.Debug|x64.Build.0 = Debug|x64
		{69F9487A-9FB8-4502-8A3F-60081CC04CDD}.Debug|x86.ActiveCfg = Debug|Win32
		{69F9487A-9FB8-4502-8A3F-60081CC04CDD}.Debug|x86.Build.0 = Debug|Win32
		{69F9487A-9FB8-4502-8A3F-60081CC04CDD}.Release|x64.ActiveCfg = Release|x64
		{69F9487A-9FB8-4502-8A3F-60081CC04CDD}.Release|x64.Build.0 = Release|x64
		{69F9487A-9FB8-4502-8A3F-60081CC04CDD}.Release|x86.ActiveCfg = Release|Win32
		{69F9487A-9FB8-4502-8A3F-60081CC04CDD}.Release|x86.Build.0 = Release|Win32
		{15795DA9-261A-498F-95CA-75C526DD94BF}.Debug|x64.ActiveCfg = Debug|x64
		{15795DA9-261A-498F-95CA-75C526DD94BF}.Debug|x64.Build.0 = Debug|x64
		{15795DA9-261A-498F-95CA-75C526DD94BF}.Debug|x86.ActiveCfg = Debug|Win32
		{15795DA9-261A-498F-95CA-75C526DD94BF}.Debug|x86.Build.0 = Debug|Win32
		{15795DA9-261A-498F-95CA-75C526DD94BF}.Release|x64.ActiveCfg = Release|x64
		{15795DA9-261A-498F-95CA-75C526DD94BF}.Release|x64.Build.0 = Release|x64
		{15795DA9-261A-498F-95CA-75C526DD94BF}.Release|x86.ActiveCfg = Release|Win32
		{15795DA9-261A-498F-95CA-75C526DD94BF}.Release|x86.Build.0 = Release|Win32
		{E882C54B-EF7B-4D5F-AFA9-BDEABA9B9CF8}.Debug|x64.ActiveCfg = Debug|x64
		{E882C54B-EF7B-4D5F-AFA9-BDEABA9B9CF8}.Debug|x64.Build.0 = Debug|x64
		{E882C54B-EF7B-4D5F-AFA9-BDEABA9B9CF8}.Debug|x86.ActiveCfg = Debug|Win32
		{E882C54B-EF7B-4D5F-AFA9-BDEABA9B9CF8}.Debug|x86.Build.0 = Debug|Win32
		{E882C54B-EF7B-4D5F-AFA9-BDEABA9B9CF8}.Release|x64.ActiveCfg = Release|x64
		{E882C54B-EF7B-4D5F-AFA9-BDEABA9B9CF8}.Release|x64.Build.0 = Release|x64
		{E882C54B-EF7B-4D5F-AFA9-BDEABA9B9CF8}.Release|x86.ActiveCfg = Release|Win32
		{E882C54B-EF7B-4D5F-AFA9-BDEABA9B9CF8}.Release|x86.Build.0 = Release|Win32
		{DE76F936-5AD9-414F-B9CF-C6C726636215}.Debug|x64.ActiveCfg = Debug|x64
		{DE76F936-5AD9-414F-B9CF-C6C726636215}.Debug|x64.Build.0 = Debug|x64
		{DE76F936-5AD9-414F-B9CF-C6C726636215}.Debug|x86.ActiveCfg = Debug|Win32
		{DE76F936-5AD9-414F-B9CF-C6C726636215}.Debug|x86.Build.0 = Debug|Win32
		{DE76F936-5AD9-414F-B9CF-C6C726636215}.Release|x64.ActiveCfg = Release|x64
		{DE76F936-5AD9-414F-B9CF-C6C726636215}.Release|x64.Build.0 = Release|x64
		{DE76F936-5AD9-414F-B9CF-C6C726636215}.Release|x86.ActiveCfg = Release|Win32
		{DE76F936-5AD9-414F-B9CF-C6C726636215}.Release|x86.Build.0 = Release|Win32
	EndGlobalSection
	GlobalSection(SolutionProperties) = preSolution
		HideSolutionNode = FALSE
	EndGlobalSection
	GlobalSection(ExtensibilityGlobals) = postSolution
		SolutionGuid = {551CD793-86CE-47D4-ABFA-82B7E87AAA4C}
	EndGlobalSection
EndGlobal
